
Microsoft Visual Studio Solution File, Format Version 12.00
# Visual Studio Version 17
VisualStudioVersion = 17.7.34031.279
MinimumVisualStudioVersion = 10.0.40219.1
Project("{FAE04EC0-301F-11D3-BF4B-00C04F79EFBC}") = "InputIfElse", "InputIfElse\InputIfElse.csproj", "{6B547D53-EC4A-46D6-A2C8-86C0A0DC5B89}"
EndProject
Global
	GlobalSection(SolutionConfigurationPlatforms) = preSolution
		Debug|Any CPU = Debug|Any CPU
		Release|Any CPU = Release|Any CPU
	EndGlobalSection
	GlobalSection(ProjectConfigurationPlatforms) = postSolution
		{6B547D53-EC4A-46D6-A2C8-86C0A0DC5B89}.Debug|Any CPU.ActiveCfg = Debug|Any CPU
		{6B547D53-EC4A-46D6-A2C8-86C0A0DC5B89}.Debug|Any CPU.Build.0 = Debug|Any CPU
		{6B547D53-EC4A-46D6-A2C8-86C0A0DC5B89}.Release|Any CPU.ActiveCfg = Release|Any CPU
		{6B547D53-EC4A-46D6-A2C8-86C0A0DC5B89}.Release|Any CPU.Build.0 = Release|Any CPU
	EndGlobalSection
	GlobalSection(SolutionProperties) = preSolution
		HideSolutionNode = FALSE
	EndGlobalSection
	GlobalSection(ExtensibilityGlobals) = postSolution
		SolutionGuid = {FED29131-3366-4E82-972A-07696AD31506}
	EndGlobalSection
EndGlobal
